
Microsoft Visual Studio Solution File, Format Version 12.00
# Visual Studio Version 17
VisualStudioVersion = 17.14.36203.30 d17.14
MinimumVisualStudioVersion = 10.0.40219.1
Project("{FAE04EC0-301F-11D3-BF4B-00C04F79EFBC}") = "CpuLoggerService", "CpuLoggerService\CpuLoggerService.csproj", "{18A7BA3C-ED8C-442F-AD84-E63F1BDE3B15}"
EndProject
Global
	GlobalSection(SolutionConfigurationPlatforms) = preSolution
		Debug|Any CPU = Debug|Any CPU
		Release|Any CPU = Release|Any CPU
	EndGlobalSection
	GlobalSection(ProjectConfigurationPlatforms) = postSolution
		{18A7BA3C-ED8C-442F-AD84-E63F1BDE3B15}.Debug|Any CPU.ActiveCfg = Debug|Any CPU
		{18A7BA3C-ED8C-442F-AD84-E63F1BDE3B15}.Debug|Any CPU.Build.0 = Debug|Any CPU
		{18A7BA3C-ED8C-442F-AD84-E63F1BDE3B15}.Release|Any CPU.ActiveCfg = Release|Any CPU
		{18A7BA3C-ED8C-442F-AD84-E63F1BDE3B15}.Release|Any CPU.Build.0 = Release|Any CPU
	EndGlobalSection
	GlobalSection(SolutionProperties) = preSolution
		HideSolutionNode = FALSE
	EndGlobalSection
	GlobalSection(ExtensibilityGlobals) = postSolution
		SolutionGuid = {67718508-B4E3-4D4C-954E-AF5B7CFDDE7B}
	EndGlobalSection
EndGlobal
